
Microsoft Visual Studio Solution File, Format Version 12.00
# Visual Studio Version 17
VisualStudioVersion = 17.9.34728.123
MinimumVisualStudioVersion = 10.0.40219.1
Project("{FAE04EC0-301F-11D3-BF4B-00C04F79EFBC}") = "BusinessObjects", "BusinessObjects\BusinessObjects.csproj", "{789475B9-2F50-4F9C-A7B9-7C1ECF52E3BF}"
EndProject
Project("{FAE04EC0-301F-11D3-BF4B-00C04F79EFBC}") = "DataAccessLayer", "DataAccessLayer\DataAccessLayer.csproj", "{00554F5D-2306-4243-9CC8-0194E548B40C}"
EndProject
Project("{FAE04EC0-301F-11D3-BF4B-00C04F79EFBC}") = "Repositories", "Repositories\Repositories.csproj", "{54480C30-5A01-4D1A-A8FF-78D3577E1AB5}"
EndProject
Project("{FAE04EC0-301F-11D3-BF4B-00C04F79EFBC}") = "Services", "Services\Services.csproj", "{7F359FD3-E228-4822-9F62-2EA81C8D54AB}"
EndProject
Project("{FAE04EC0-301F-11D3-BF4B-00C04F79EFBC}") = "WPFApp", "WPFApp\WPFApp.csproj", "{96E87F69-CA11-4AB4-BC58-96D1C41C4AC5}"
EndProject
Global
	GlobalSection(SolutionConfigurationPlatforms) = preSolution
		Debug|Any CPU = Debug|Any CPU
		Release|Any CPU = Release|Any CPU
	EndGlobalSection
	GlobalSection(ProjectConfigurationPlatforms) = postSolution
		{789475B9-2F50-4F9C-A7B9-7C1ECF52E3BF}.Debug|Any CPU.ActiveCfg = Debug|Any CPU
		{789475B9-2F50-4F9C-A7B9-7C1ECF52E3BF}.Debug|Any CPU.Build.0 = Debug|Any CPU
		{789475B9-2F50-4F9C-A7B9-7C1ECF52E3BF}.Release|Any CPU.ActiveCfg = Release|Any CPU
		{789475B9-2F50-4F9C-A7B9-7C1ECF52E3BF}.Release|Any CPU.Build.0 = Release|Any CPU
		{00554F5D-2306-4243-9CC8-0194E548B40C}.Debug|Any CPU.ActiveCfg = Debug|Any CPU
		{00554F5D-2306-4243-9CC8-0194E548B40C}.Debug|Any CPU.Build.0 = Debug|Any CPU
		{00554F5D-2306-4243-9CC8-0194E548B40C}.Release|Any CPU.ActiveCfg = Release|Any CPU
		{00554F5D-2306-4243-9CC8-0194E548B40C}.Release|Any CPU.Build.0 = Release|Any CPU
		{54480C30-5A01-4D1A-A8FF-78D3577E1AB5}.Debug|Any CPU.ActiveCfg = Debug|Any CPU
		{54480C30-5A01-4D1A-A8FF-78D3577E1AB5}.Debug|Any CPU.Build.0 = Debug|Any CPU
		{54480C30-5A01-4D1A-A8FF-78D3577E1AB5}.Release|Any CPU.ActiveCfg = Release|Any CPU
		{54480C30-5A01-4D1A-A8FF-78D3577E1AB5}.Release|Any CPU.Build.0 = Release|Any CPU
		{7F359FD3-E228-4822-9F62-2EA81C8D54AB}.Debug|Any CPU.ActiveCfg = Debug|Any CPU
		{7F359FD3-E228-4822-9F62-2EA81C8D54AB}.Debug|Any CPU.Build.0 = Debug|Any CPU
		{7F359FD3-E228-4822-9F62-2EA81C8D54AB}.Release|Any CPU.ActiveCfg = Release|Any CPU
		{7F359FD3-E228-4822-9F62-2EA81C8D54AB}.Release|Any CPU.Build.0 = Release|Any CPU
		{96E87F69-CA11-4AB4-BC58-96D1C41C4AC5}.Debug|Any CPU.ActiveCfg = Debug|Any CPU
		{96E87F69-CA11-4AB4-BC58-96D1C41C4AC5}.Debug|Any CPU.Build.0 = Debug|Any CPU
		{96E87F69-CA11-4AB4-BC58-96D1C41C4AC5}.Release|Any CPU.ActiveCfg = Release|Any CPU
		{96E87F69-CA11-4AB4-BC58-96D1C41C4AC5}.Release|Any CPU.Build.0 = Release|Any CPU
	EndGlobalSection
	GlobalSection(SolutionProperties) = preSolution
		HideSolutionNode = FALSE
	EndGlobalSection
	GlobalSection(ExtensibilityGlobals) = postSolution
		SolutionGuid = {ABA5EA90-63E8-4A82-B452-C07EDFB17B7C}
	EndGlobalSection
EndGlobal
